// !$*UTF8*$!
{
	archiveVersion = 1;
	classes = {
	};
	objectVersion = 56;
	objects = {

/* Begin PBXBuildFile section */
		A200BD3B2AA0BC7400DCEBD9 /* HistoryTests.swift in Sources */ = {isa = PBXBuildFile; fileRef = A200BD3A2AA0BC7400DCEBD9 /* HistoryTests.swift */; };
		A200BD3D2AA6064200DCEBD9 /* Json.swift in Sources */ = {isa = PBXBuildFile; fileRef = A200BD3C2AA6064200DCEBD9 /* Json.swift */; };
		A210862C2A813A1A00EB7A89 /* QuestsTests.swift in Sources */ = {isa = PBXBuildFile; fileRef = A210862B2A813A1A00EB7A89 /* QuestsTests.swift */; };
		A211B1752A7B6F7C004680E8 /* ReLifeTests.swift in Sources */ = {isa = PBXBuildFile; fileRef = A211B1742A7B6F7C004680E8 /* ReLifeTests.swift */; };
		A211B17C2A7B7397004680E8 /* Characteristic.swift in Sources */ = {isa = PBXBuildFile; fileRef = A211B17B2A7B7397004680E8 /* Characteristic.swift */; };
		A211B1802A7D012D004680E8 /* Realm in Frameworks */ = {isa = PBXBuildFile; productRef = A211B17F2A7D012D004680E8 /* Realm */; };
		A211B1822A7D012D004680E8 /* RealmSwift in Frameworks */ = {isa = PBXBuildFile; productRef = A211B1812A7D012D004680E8 /* RealmSwift */; };
		A211B1892A7D3597004680E8 /* ReLifeTests.swift in Sources */ = {isa = PBXBuildFile; fileRef = A211B1742A7B6F7C004680E8 /* ReLifeTests.swift */; };
		A21989922AE138400004A5D9 /* KystParallax in Frameworks */ = {isa = PBXBuildFile; productRef = A21989912AE138400004A5D9 /* KystParallax */; };
		A21989962AE319560004A5D9 /* SheetConfirmationView.swift in Sources */ = {isa = PBXBuildFile; fileRef = A21989952AE319560004A5D9 /* SheetConfirmationView.swift */; };
		A219899B2AE3E8AB0004A5D9 /* Montserrat-Italic-VariableFont_wght.ttf in Resources */ = {isa = PBXBuildFile; fileRef = A219899A2AE3E8AB0004A5D9 /* Montserrat-Italic-VariableFont_wght.ttf */; };
		A219899E2AE47F050004A5D9 /* Montserrat.ttf in Resources */ = {isa = PBXBuildFile; fileRef = A219899D2AE47F050004A5D9 /* Montserrat.ttf */; };
		A252720C2A8D3AF800DD4B75 /* Quest.swift in Sources */ = {isa = PBXBuildFile; fileRef = A252720B2A8D3AF700DD4B75 /* Quest.swift */; };
		A252720D2A8D3B8A00DD4B75 /* RealmController.swift in Sources */ = {isa = PBXBuildFile; fileRef = A21086212A8026F900EB7A89 /* RealmController.swift */; };
		A25272122A8E3C8400DD4B75 /* History.swift in Sources */ = {isa = PBXBuildFile; fileRef = A25272112A8E3C8400DD4B75 /* History.swift */; };
		A25272142A8E3E4100DD4B75 /* CharacteristicsTests.swift in Sources */ = {isa = PBXBuildFile; fileRef = A25272132A8E3E4100DD4B75 /* CharacteristicsTests.swift */; };
		A272866E2AEFD44F005EE9B8 /* SettingsView.swift in Sources */ = {isa = PBXBuildFile; fileRef = A272866D2AEFD44F005EE9B8 /* SettingsView.swift */; };
		A27286702AF537F3005EE9B8 /* SheetWorkWithQuest.swift in Sources */ = {isa = PBXBuildFile; fileRef = A272866F2AF537F3005EE9B8 /* SheetWorkWithQuest.swift */; };
		A27286742AF55D27005EE9B8 /* ConfigGeneralView.swift in Sources */ = {isa = PBXBuildFile; fileRef = A27286732AF55D27005EE9B8 /* ConfigGeneralView.swift */; };
		A27286762AF55D36005EE9B8 /* ConfigQuestView.swift in Sources */ = {isa = PBXBuildFile; fileRef = A27286752AF55D36005EE9B8 /* ConfigQuestView.swift */; };
		A27286782AF55D48005EE9B8 /* ConfigCharacteristicsView.swift in Sources */ = {isa = PBXBuildFile; fileRef = A27286772AF55D48005EE9B8 /* ConfigCharacteristicsView.swift */; };
		A272867A2AFA9FFB005EE9B8 /* SheetWorkWithCharacteristic.swift in Sources */ = {isa = PBXBuildFile; fileRef = A27286792AFA9FFB005EE9B8 /* SheetWorkWithCharacteristic.swift */; };
		A272867E2AFBE251005EE9B8 /* GlobalDialog.swift in Sources */ = {isa = PBXBuildFile; fileRef = A272867D2AFBE251005EE9B8 /* GlobalDialog.swift */; };
		A27286842AFBEEA4005EE9B8 /* AddButton.swift in Sources */ = {isa = PBXBuildFile; fileRef = A27286832AFBEEA4005EE9B8 /* AddButton.swift */; };
		A27286862B03B799005EE9B8 /* ItemEdit.swift in Sources */ = {isa = PBXBuildFile; fileRef = A27286852B03B799005EE9B8 /* ItemEdit.swift */; };
		A2AEDCCD2AAA273400128B3C /* Date+.swift in Sources */ = {isa = PBXBuildFile; fileRef = A2AEDCCC2AAA273400128B3C /* Date+.swift */; };
		A2AEDCCF2AAA4C5F00128B3C /* Collection+.swift in Sources */ = {isa = PBXBuildFile; fileRef = A2AEDCCE2AAA4C5F00128B3C /* Collection+.swift */; };
		A2C11F492B126AE40062AFDE /* SettingButton.swift in Sources */ = {isa = PBXBuildFile; fileRef = A2C11F482B126AE40062AFDE /* SettingButton.swift */; };
		A2C11F4B2B12AC770062AFDE /* Text+.swift in Sources */ = {isa = PBXBuildFile; fileRef = A2C11F4A2B12AC770062AFDE /* Text+.swift */; };
		A2C11F4D2B12AF120062AFDE /* Image+.swift in Sources */ = {isa = PBXBuildFile; fileRef = A2C11F4C2B12AF120062AFDE /* Image+.swift */; };
		A2CCA02A2ACF0739006A3A7F /* KystEssentials in Frameworks */ = {isa = PBXBuildFile; productRef = A2CCA0292ACF0739006A3A7F /* KystEssentials */; };
		A2CCA02B2ACF0739006A3A7F /* KystEssentials in Embed Frameworks */ = {isa = PBXBuildFile; productRef = A2CCA0292ACF0739006A3A7F /* KystEssentials */; settings = {ATTRIBUTES = (CodeSignOnCopy, ); }; };
		A2CCA02F2AD497DB006A3A7F /* CharacteristicsView.swift in Sources */ = {isa = PBXBuildFile; fileRef = A2CCA02E2AD497DB006A3A7F /* CharacteristicsView.swift */; };
		A2CCA0312AD5E8AA006A3A7F /* MainViewTabBar.swift in Sources */ = {isa = PBXBuildFile; fileRef = A2CCA0302AD5E8AA006A3A7F /* MainViewTabBar.swift */; };
		A2CCA0332AD5EA73006A3A7F /* QuestsView.swift in Sources */ = {isa = PBXBuildFile; fileRef = A2CCA0322AD5EA73006A3A7F /* QuestsView.swift */; };
		A2CCA0392ADACE3E006A3A7F /* MoreSwiftUI in Frameworks */ = {isa = PBXBuildFile; productRef = A2CCA0382ADACE3E006A3A7F /* MoreSwiftUI */; };
		A2DD8E662A58A90C00315995 /* ReLifeApp.swift in Sources */ = {isa = PBXBuildFile; fileRef = A2DD8E652A58A90C00315995 /* ReLifeApp.swift */; };
		A2DD8E682A58A90C00315995 /* MainView.swift in Sources */ = {isa = PBXBuildFile; fileRef = A2DD8E672A58A90C00315995 /* MainView.swift */; };
		A2DD8E6A2A58A90D00315995 /* Assets.xcassets in Resources */ = {isa = PBXBuildFile; fileRef = A2DD8E692A58A90D00315995 /* Assets.xcassets */; };
		A2DD8E6E2A58A90D00315995 /* Preview Assets.xcassets in Resources */ = {isa = PBXBuildFile; fileRef = A2DD8E6D2A58A90D00315995 /* Preview Assets.xcassets */; };
/* End PBXBuildFile section */

/* Begin PBXContainerItemProxy section */
		A210862D2A813A1A00EB7A89 /* PBXContainerItemProxy */ = {
			isa = PBXContainerItemProxy;
			containerPortal = A2DD8E5A2A58A90C00315995 /* Project object */;
			proxyType = 1;
			remoteGlobalIDString = A2DD8E612A58A90C00315995;
			remoteInfo = ReLife;
		};
		A211B1692A7B6F10004680E8 /* PBXContainerItemProxy */ = {
			isa = PBXContainerItemProxy;
			containerPortal = A2DD8E5A2A58A90C00315995 /* Project object */;
			proxyType = 1;
			remoteGlobalIDString = A2DD8E612A58A90C00315995;
			remoteInfo = ReLife;
		};
		A211B1762A7B6F7C004680E8 /* PBXContainerItemProxy */ = {
			isa = PBXContainerItemProxy;
			containerPortal = A2DD8E5A2A58A90C00315995 /* Project object */;
			proxyType = 1;
			remoteGlobalIDString = A2DD8E612A58A90C00315995;
			remoteInfo = ReLife;
		};
/* End PBXContainerItemProxy section */

/* Begin PBXCopyFilesBuildPhase section */
		A2CCA02C2ACF0739006A3A7F /* Embed Frameworks */ = {
			isa = PBXCopyFilesBuildPhase;
			buildActionMask = 2147483647;
			dstPath = "";
			dstSubfolderSpec = 10;
			files = (
				A2CCA02B2ACF0739006A3A7F /* KystEssentials in Embed Frameworks */,
			);
			name = "Embed Frameworks";
			runOnlyForDeploymentPostprocessing = 0;
		};
/* End PBXCopyFilesBuildPhase section */

/* Begin PBXFileReference section */
		A200BD3A2AA0BC7400DCEBD9 /* HistoryTests.swift */ = {isa = PBXFileReference; lastKnownFileType = sourcecode.swift; path = HistoryTests.swift; sourceTree = "<group>"; };
		A200BD3C2AA6064200DCEBD9 /* Json.swift */ = {isa = PBXFileReference; lastKnownFileType = sourcecode.swift; path = Json.swift; sourceTree = "<group>"; };
		A21086212A8026F900EB7A89 /* RealmController.swift */ = {isa = PBXFileReference; lastKnownFileType = sourcecode.swift; path = RealmController.swift; sourceTree = "<group>"; };
		A21086292A813A1A00EB7A89 /* QuestsTests.xctest */ = {isa = PBXFileReference; explicitFileType = wrapper.cfbundle; includeInIndex = 0; path = QuestsTests.xctest; sourceTree = BUILT_PRODUCTS_DIR; };
		A210862B2A813A1A00EB7A89 /* QuestsTests.swift */ = {isa = PBXFileReference; lastKnownFileType = sourcecode.swift; path = QuestsTests.swift; sourceTree = "<group>"; };
		A211B1652A7B6F0F004680E8 /* ReLifeCharacteristics.xctest */ = {isa = PBXFileReference; explicitFileType = wrapper.cfbundle; includeInIndex = 0; path = ReLifeCharacteristics.xctest; sourceTree = BUILT_PRODUCTS_DIR; };
		A211B1722A7B6F7C004680E8 /* ReLifeTests.xctest */ = {isa = PBXFileReference; explicitFileType = wrapper.cfbundle; includeInIndex = 0; path = ReLifeTests.xctest; sourceTree = BUILT_PRODUCTS_DIR; };
		A211B1742A7B6F7C004680E8 /* ReLifeTests.swift */ = {isa = PBXFileReference; lastKnownFileType = sourcecode.swift; path = ReLifeTests.swift; sourceTree = "<group>"; };
		A211B17B2A7B7397004680E8 /* Characteristic.swift */ = {isa = PBXFileReference; lastKnownFileType = sourcecode.swift; path = Characteristic.swift; sourceTree = "<group>"; };
		A21989952AE319560004A5D9 /* SheetConfirmationView.swift */ = {isa = PBXFileReference; lastKnownFileType = sourcecode.swift; path = SheetConfirmationView.swift; sourceTree = "<group>"; };
		A219899A2AE3E8AB0004A5D9 /* Montserrat-Italic-VariableFont_wght.ttf */ = {isa = PBXFileReference; lastKnownFileType = file; name = "Montserrat-Italic-VariableFont_wght.ttf"; path = "../../../../Downloads/Montserrat/Montserrat-Italic-VariableFont_wght.ttf"; sourceTree = "<group>"; };
		A219899C2AE47BBB0004A5D9 /* Info.plist */ = {isa = PBXFileReference; lastKnownFileType = text.plist; path = Info.plist; sourceTree = "<group>"; };
		A219899D2AE47F050004A5D9 /* Montserrat.ttf */ = {isa = PBXFileReference; lastKnownFileType = file; path = Montserrat.ttf; sourceTree = "<group>"; };
		A252720B2A8D3AF700DD4B75 /* Quest.swift */ = {isa = PBXFileReference; lastKnownFileType = sourcecode.swift; path = Quest.swift; sourceTree = "<group>"; };
		A25272112A8E3C8400DD4B75 /* History.swift */ = {isa = PBXFileReference; lastKnownFileType = sourcecode.swift; path = History.swift; sourceTree = "<group>"; };
		A25272132A8E3E4100DD4B75 /* CharacteristicsTests.swift */ = {isa = PBXFileReference; lastKnownFileType = sourcecode.swift; path = CharacteristicsTests.swift; sourceTree = "<group>"; };
		A272866D2AEFD44F005EE9B8 /* SettingsView.swift */ = {isa = PBXFileReference; lastKnownFileType = sourcecode.swift; path = SettingsView.swift; sourceTree = "<group>"; };
		A272866F2AF537F3005EE9B8 /* SheetWorkWithQuest.swift */ = {isa = PBXFileReference; lastKnownFileType = sourcecode.swift; path = SheetWorkWithQuest.swift; sourceTree = "<group>"; };
		A27286732AF55D27005EE9B8 /* ConfigGeneralView.swift */ = {isa = PBXFileReference; lastKnownFileType = sourcecode.swift; path = ConfigGeneralView.swift; sourceTree = "<group>"; };
		A27286752AF55D36005EE9B8 /* ConfigQuestView.swift */ = {isa = PBXFileReference; lastKnownFileType = sourcecode.swift; path = ConfigQuestView.swift; sourceTree = "<group>"; };
		A27286772AF55D48005EE9B8 /* ConfigCharacteristicsView.swift */ = {isa = PBXFileReference; lastKnownFileType = sourcecode.swift; path = ConfigCharacteristicsView.swift; sourceTree = "<group>"; };
		A27286792AFA9FFB005EE9B8 /* SheetWorkWithCharacteristic.swift */ = {isa = PBXFileReference; lastKnownFileType = sourcecode.swift; path = SheetWorkWithCharacteristic.swift; sourceTree = "<group>"; };
		A272867D2AFBE251005EE9B8 /* GlobalDialog.swift */ = {isa = PBXFileReference; lastKnownFileType = sourcecode.swift; path = GlobalDialog.swift; sourceTree = "<group>"; };
		A27286832AFBEEA4005EE9B8 /* AddButton.swift */ = {isa = PBXFileReference; lastKnownFileType = sourcecode.swift; path = AddButton.swift; sourceTree = "<group>"; };
		A27286852B03B799005EE9B8 /* ItemEdit.swift */ = {isa = PBXFileReference; lastKnownFileType = sourcecode.swift; path = ItemEdit.swift; sourceTree = "<group>"; };
		A2AEDCCC2AAA273400128B3C /* Date+.swift */ = {isa = PBXFileReference; lastKnownFileType = sourcecode.swift; path = "Date+.swift"; sourceTree = "<group>"; };
		A2AEDCCE2AAA4C5F00128B3C /* Collection+.swift */ = {isa = PBXFileReference; lastKnownFileType = sourcecode.swift; path = "Collection+.swift"; sourceTree = "<group>"; };
		A2C11F482B126AE40062AFDE /* SettingButton.swift */ = {isa = PBXFileReference; lastKnownFileType = sourcecode.swift; path = SettingButton.swift; sourceTree = "<group>"; };
		A2C11F4A2B12AC770062AFDE /* Text+.swift */ = {isa = PBXFileReference; lastKnownFileType = sourcecode.swift; path = "Text+.swift"; sourceTree = "<group>"; };
		A2C11F4C2B12AF120062AFDE /* Image+.swift */ = {isa = PBXFileReference; lastKnownFileType = sourcecode.swift; path = "Image+.swift"; sourceTree = "<group>"; };
		A2CCA02E2AD497DB006A3A7F /* CharacteristicsView.swift */ = {isa = PBXFileReference; lastKnownFileType = sourcecode.swift; path = CharacteristicsView.swift; sourceTree = "<group>"; };
		A2CCA0302AD5E8AA006A3A7F /* MainViewTabBar.swift */ = {isa = PBXFileReference; lastKnownFileType = sourcecode.swift; path = MainViewTabBar.swift; sourceTree = "<group>"; };
		A2CCA0322AD5EA73006A3A7F /* QuestsView.swift */ = {isa = PBXFileReference; lastKnownFileType = sourcecode.swift; path = QuestsView.swift; sourceTree = "<group>"; };
		A2DD8E622A58A90C00315995 /* ReLife.app */ = {isa = PBXFileReference; explicitFileType = wrapper.application; includeInIndex = 0; path = ReLife.app; sourceTree = BUILT_PRODUCTS_DIR; };
		A2DD8E652A58A90C00315995 /* ReLifeApp.swift */ = {isa = PBXFileReference; lastKnownFileType = sourcecode.swift; path = ReLifeApp.swift; sourceTree = "<group>"; };
		A2DD8E672A58A90C00315995 /* MainView.swift */ = {isa = PBXFileReference; lastKnownFileType = sourcecode.swift; path = MainView.swift; sourceTree = "<group>"; };
		A2DD8E692A58A90D00315995 /* Assets.xcassets */ = {isa = PBXFileReference; lastKnownFileType = folder.assetcatalog; path = Assets.xcassets; sourceTree = "<group>"; };
		A2DD8E6B2A58A90D00315995 /* ReLife.entitlements */ = {isa = PBXFileReference; lastKnownFileType = text.plist.entitlements; path = ReLife.entitlements; sourceTree = "<group>"; };
		A2DD8E6D2A58A90D00315995 /* Preview Assets.xcassets */ = {isa = PBXFileReference; lastKnownFileType = folder.assetcatalog; path = "Preview Assets.xcassets"; sourceTree = "<group>"; };
/* End PBXFileReference section */

/* Begin PBXFrameworksBuildPhase section */
		A21086262A813A1A00EB7A89 /* Frameworks */ = {
			isa = PBXFrameworksBuildPhase;
			buildActionMask = 2147483647;
			files = (
			);
			runOnlyForDeploymentPostprocessing = 0;
		};
		A211B1622A7B6F0F004680E8 /* Frameworks */ = {
			isa = PBXFrameworksBuildPhase;
			buildActionMask = 2147483647;
			files = (
			);
			runOnlyForDeploymentPostprocessing = 0;
		};
		A211B16F2A7B6F7C004680E8 /* Frameworks */ = {
			isa = PBXFrameworksBuildPhase;
			buildActionMask = 2147483647;
			files = (
			);
			runOnlyForDeploymentPostprocessing = 0;
		};
		A2DD8E5F2A58A90C00315995 /* Frameworks */ = {
			isa = PBXFrameworksBuildPhase;
			buildActionMask = 2147483647;
			files = (
				A211B1822A7D012D004680E8 /* RealmSwift in Frameworks */,
				A2CCA0392ADACE3E006A3A7F /* MoreSwiftUI in Frameworks */,
				A21989922AE138400004A5D9 /* KystParallax in Frameworks */,
				A2CCA02A2ACF0739006A3A7F /* KystEssentials in Frameworks */,
				A211B1802A7D012D004680E8 /* Realm in Frameworks */,
			);
			runOnlyForDeploymentPostprocessing = 0;
		};
/* End PBXFrameworksBuildPhase section */

/* Begin PBXGroup section */
		A210862A2A813A1A00EB7A89 /* QuestsTests */ = {
			isa = PBXGroup;
			children = (
				A210862B2A813A1A00EB7A89 /* QuestsTests.swift */,
				A25272132A8E3E4100DD4B75 /* CharacteristicsTests.swift */,
				A200BD3A2AA0BC7400DCEBD9 /* HistoryTests.swift */,
			);
			path = QuestsTests;
			sourceTree = "<group>";
		};
		A211B1602A7A8075004680E8 /* Back */ = {
			isa = PBXGroup;
			children = (
				A200BD3C2AA6064200DCEBD9 /* Json.swift */,
			);
			path = Back;
			sourceTree = "<group>";
		};
		A211B1732A7B6F7C004680E8 /* ReLifeTests */ = {
			isa = PBXGroup;
			children = (
				A211B1742A7B6F7C004680E8 /* ReLifeTests.swift */,
			);
			path = ReLifeTests;
			sourceTree = "<group>";
		};
		A21989932AE3192A0004A5D9 /* Sheets */ = {
			isa = PBXGroup;
			children = (
				A272867D2AFBE251005EE9B8 /* GlobalDialog.swift */,
				A21989942AE319370004A5D9 /* SheetConfirmation */,
				A272866F2AF537F3005EE9B8 /* SheetWorkWithQuest.swift */,
				A27286792AFA9FFB005EE9B8 /* SheetWorkWithCharacteristic.swift */,
			);
			path = Sheets;
			sourceTree = "<group>";
		};
		A21989942AE319370004A5D9 /* SheetConfirmation */ = {
			isa = PBXGroup;
			children = (
				A21989952AE319560004A5D9 /* SheetConfirmationView.swift */,
			);
			path = SheetConfirmation;
			sourceTree = "<group>";
		};
		A21989972AE3E7990004A5D9 /* Font */ = {
			isa = PBXGroup;
			children = (
				A219899D2AE47F050004A5D9 /* Montserrat.ttf */,
				A219899A2AE3E8AB0004A5D9 /* Montserrat-Italic-VariableFont_wght.ttf */,
			);
			path = Font;
			sourceTree = "<group>";
		};
		A25272102A8E3C5700DD4B75 /* ObjectsRealm */ = {
			isa = PBXGroup;
			children = (
				A252720B2A8D3AF700DD4B75 /* Quest.swift */,
				A211B17B2A7B7397004680E8 /* Characteristic.swift */,
				A25272112A8E3C8400DD4B75 /* History.swift */,
			);
			path = ObjectsRealm;
			sourceTree = "<group>";
		};
		A27286712AF55CE9005EE9B8 /* Settings */ = {
			isa = PBXGroup;
			children = (
				A272866D2AEFD44F005EE9B8 /* SettingsView.swift */,
				A27286722AF55D0B005EE9B8 /* Tabs */,
			);
			path = Settings;
			sourceTree = "<group>";
		};
		A27286722AF55D0B005EE9B8 /* Tabs */ = {
			isa = PBXGroup;
			children = (
				A27286732AF55D27005EE9B8 /* ConfigGeneralView.swift */,
				A27286752AF55D36005EE9B8 /* ConfigQuestView.swift */,
				A27286772AF55D48005EE9B8 /* ConfigCharacteristicsView.swift */,
			);
			path = Tabs;
			sourceTree = "<group>";
		};
		A272867F2AFBEE71005EE9B8 /* SwiftUI */ = {
			isa = PBXGroup;
			children = (
				A27286822AFBEE8C005EE9B8 /* Styles */,
				A27286812AFBEE85005EE9B8 /* Views */,
			);
			path = SwiftUI;
			sourceTree = "<group>";
		};
		A27286812AFBEE85005EE9B8 /* Views */ = {
			isa = PBXGroup;
			children = (
				A27286832AFBEEA4005EE9B8 /* AddButton.swift */,
				A2C11F482B126AE40062AFDE /* SettingButton.swift */,
				A27286852B03B799005EE9B8 /* ItemEdit.swift */,
			);
			path = Views;
			sourceTree = "<group>";
		};
		A27286822AFBEE8C005EE9B8 /* Styles */ = {
			isa = PBXGroup;
			children = (
			);
			path = Styles;
			sourceTree = "<group>";
		};
		A2AEDCCB2AAA271100128B3C /* Ext */ = {
			isa = PBXGroup;
			children = (
				A2AEDCCC2AAA273400128B3C /* Date+.swift */,
				A2AEDCCE2AAA4C5F00128B3C /* Collection+.swift */,
				A2C11F4A2B12AC770062AFDE /* Text+.swift */,
				A2C11F4C2B12AF120062AFDE /* Image+.swift */,
			);
			path = Ext;
			sourceTree = "<group>";
		};
		A2CCA0282ACF0739006A3A7F /* Frameworks */ = {
			isa = PBXGroup;
			children = (
			);
			name = Frameworks;
			sourceTree = "<group>";
		};
		A2CCA02D2AD4974A006A3A7F /* MainView */ = {
			isa = PBXGroup;
			children = (
				A2DD8E672A58A90C00315995 /* MainView.swift */,
				A2CCA0302AD5E8AA006A3A7F /* MainViewTabBar.swift */,
				A2CCA0322AD5EA73006A3A7F /* QuestsView.swift */,
				A2CCA02E2AD497DB006A3A7F /* CharacteristicsView.swift */,
				A27286712AF55CE9005EE9B8 /* Settings */,
			);
			path = MainView;
			sourceTree = "<group>";
		};
		A2DD8E592A58A90C00315995 = {
			isa = PBXGroup;
			children = (
				A21989972AE3E7990004A5D9 /* Font */,
				A2DD8E642A58A90C00315995 /* ReLife */,
				A211B1732A7B6F7C004680E8 /* ReLifeTests */,
				A210862A2A813A1A00EB7A89 /* QuestsTests */,
				A2DD8E632A58A90C00315995 /* Products */,
				A2CCA0282ACF0739006A3A7F /* Frameworks */,
			);
			sourceTree = "<group>";
		};
		A2DD8E632A58A90C00315995 /* Products */ = {
			isa = PBXGroup;
			children = (
				A2DD8E622A58A90C00315995 /* ReLife.app */,
				A211B1652A7B6F0F004680E8 /* ReLifeCharacteristics.xctest */,
				A211B1722A7B6F7C004680E8 /* ReLifeTests.xctest */,
				A21086292A813A1A00EB7A89 /* QuestsTests.xctest */,
			);
			name = Products;
			sourceTree = "<group>";
		};
		A2DD8E642A58A90C00315995 /* ReLife */ = {
			isa = PBXGroup;
			children = (
				A219899C2AE47BBB0004A5D9 /* Info.plist */,
				A2DD8E652A58A90C00315995 /* ReLifeApp.swift */,
				A21086212A8026F900EB7A89 /* RealmController.swift */,
				A25272102A8E3C5700DD4B75 /* ObjectsRealm */,
				A272867F2AFBEE71005EE9B8 /* SwiftUI */,
				A2DD8E742A58AB5000315995 /* View */,
				A211B1602A7A8075004680E8 /* Back */,
				A2AEDCCB2AAA271100128B3C /* Ext */,
				A2DD8E692A58A90D00315995 /* Assets.xcassets */,
				A2DD8E6B2A58A90D00315995 /* ReLife.entitlements */,
				A2DD8E6C2A58A90D00315995 /* Preview Content */,
			);
			path = ReLife;
			sourceTree = "<group>";
		};
		A2DD8E6C2A58A90D00315995 /* Preview Content */ = {
			isa = PBXGroup;
			children = (
				A2DD8E6D2A58A90D00315995 /* Preview Assets.xcassets */,
			);
			path = "Preview Content";
			sourceTree = "<group>";
		};
		A2DD8E742A58AB5000315995 /* View */ = {
			isa = PBXGroup;
			children = (
				A21989932AE3192A0004A5D9 /* Sheets */,
				A2CCA02D2AD4974A006A3A7F /* MainView */,
			);
			path = View;
			sourceTree = "<group>";
		};
/* End PBXGroup section */

/* Begin PBXNativeTarget section */
		A21086282A813A1A00EB7A89 /* QuestsTests */ = {
			isa = PBXNativeTarget;
			buildConfigurationList = A210862F2A813A1A00EB7A89 /* Build configuration list for PBXNativeTarget "QuestsTests" */;
			buildPhases = (
				A21086252A813A1A00EB7A89 /* Sources */,
				A21086262A813A1A00EB7A89 /* Frameworks */,
				A21086272A813A1A00EB7A89 /* Resources */,
			);
			buildRules = (
			);
			dependencies = (
				A210862E2A813A1A00EB7A89 /* PBXTargetDependency */,
			);
			name = QuestsTests;
			productName = QuestsTests;
			productReference = A21086292A813A1A00EB7A89 /* QuestsTests.xctest */;
			productType = "com.apple.product-type.bundle.unit-test";
		};
		A211B1642A7B6F0F004680E8 /* ReLifeCharacteristics */ = {
			isa = PBXNativeTarget;
			buildConfigurationList = A211B16B2A7B6F10004680E8 /* Build configuration list for PBXNativeTarget "ReLifeCharacteristics" */;
			buildPhases = (
				A211B1612A7B6F0F004680E8 /* Sources */,
				A211B1622A7B6F0F004680E8 /* Frameworks */,
				A211B1632A7B6F0F004680E8 /* Resources */,
			);
			buildRules = (
			);
			dependencies = (
				A211B16A2A7B6F10004680E8 /* PBXTargetDependency */,
			);
			name = ReLifeCharacteristics;
			productName = ReLifeCharacteristics;
			productReference = A211B1652A7B6F0F004680E8 /* ReLifeCharacteristics.xctest */;
			productType = "com.apple.product-type.bundle.unit-test";
		};
		A211B1712A7B6F7C004680E8 /* ReLifeTests */ = {
			isa = PBXNativeTarget;
			buildConfigurationList = A211B1782A7B6F7C004680E8 /* Build configuration list for PBXNativeTarget "ReLifeTests" */;
			buildPhases = (
				A211B16E2A7B6F7C004680E8 /* Sources */,
				A211B16F2A7B6F7C004680E8 /* Frameworks */,
				A211B1702A7B6F7C004680E8 /* Resources */,
			);
			buildRules = (
			);
			dependencies = (
				A211B1772A7B6F7C004680E8 /* PBXTargetDependency */,
			);
			name = ReLifeTests;
			productName = ReLifeTests;
			productReference = A211B1722A7B6F7C004680E8 /* ReLifeTests.xctest */;
			productType = "com.apple.product-type.bundle.unit-test";
		};
		A2DD8E612A58A90C00315995 /* ReLife */ = {
			isa = PBXNativeTarget;
			buildConfigurationList = A2DD8E712A58A90D00315995 /* Build configuration list for PBXNativeTarget "ReLife" */;
			buildPhases = (
				A2DD8E5E2A58A90C00315995 /* Sources */,
				A2DD8E5F2A58A90C00315995 /* Frameworks */,
				A2DD8E602A58A90C00315995 /* Resources */,
				A2CCA02C2ACF0739006A3A7F /* Embed Frameworks */,
			);
			buildRules = (
			);
			dependencies = (
			);
			name = ReLife;
			packageProductDependencies = (
				A211B17F2A7D012D004680E8 /* Realm */,
				A211B1812A7D012D004680E8 /* RealmSwift */,
				A2CCA0292ACF0739006A3A7F /* KystEssentials */,
				A2CCA0382ADACE3E006A3A7F /* MoreSwiftUI */,
				A21989912AE138400004A5D9 /* KystParallax */,
			);
			productName = ReLife;
			productReference = A2DD8E622A58A90C00315995 /* ReLife.app */;
			productType = "com.apple.product-type.application";
		};
/* End PBXNativeTarget section */

/* Begin PBXProject section */
		A2DD8E5A2A58A90C00315995 /* Project object */ = {
			isa = PBXProject;
			attributes = {
				BuildIndependentTargetsInParallel = 1;
				LastSwiftUpdateCheck = 1430;
				LastUpgradeCheck = 1430;
				TargetAttributes = {
					A21086282A813A1A00EB7A89 = {
						CreatedOnToolsVersion = 14.3.1;
						TestTargetID = A2DD8E612A58A90C00315995;
					};
					A211B1642A7B6F0F004680E8 = {
						CreatedOnToolsVersion = 14.3.1;
						TestTargetID = A2DD8E612A58A90C00315995;
					};
					A211B1712A7B6F7C004680E8 = {
						CreatedOnToolsVersion = 14.3.1;
						TestTargetID = A2DD8E612A58A90C00315995;
					};
					A2DD8E612A58A90C00315995 = {
						CreatedOnToolsVersion = 14.3.1;
					};
				};
			};
			buildConfigurationList = A2DD8E5D2A58A90C00315995 /* Build configuration list for PBXProject "ReLife" */;
			compatibilityVersion = "Xcode 14.0";
			developmentRegion = en;
			hasScannedForEncodings = 0;
			knownRegions = (
				en,
				Base,
			);
			mainGroup = A2DD8E592A58A90C00315995;
			packageReferences = (
				A211B17E2A7D012D004680E8 /* XCRemoteSwiftPackageReference "realm-swift" */,
				A2CCA0372ADACE3E006A3A7F /* XCRemoteSwiftPackageReference "moreswiftui" */,
				A21989902AE138400004A5D9 /* XCRemoteSwiftPackageReference "ParallaxPackage" */,
			);
			productRefGroup = A2DD8E632A58A90C00315995 /* Products */;
			projectDirPath = "";
			projectRoot = "";
			targets = (
				A2DD8E612A58A90C00315995 /* ReLife */,
				A211B1642A7B6F0F004680E8 /* ReLifeCharacteristics */,
				A211B1712A7B6F7C004680E8 /* ReLifeTests */,
				A21086282A813A1A00EB7A89 /* QuestsTests */,
			);
		};
/* End PBXProject section */

/* Begin PBXResourcesBuildPhase section */
		A21086272A813A1A00EB7A89 /* Resources */ = {
			isa = PBXResourcesBuildPhase;
			buildActionMask = 2147483647;
			files = (
			);
			runOnlyForDeploymentPostprocessing = 0;
		};
		A211B1632A7B6F0F004680E8 /* Resources */ = {
			isa = PBXResourcesBuildPhase;
			buildActionMask = 2147483647;
			files = (
			);
			runOnlyForDeploymentPostprocessing = 0;
		};
		A211B1702A7B6F7C004680E8 /* Resources */ = {
			isa = PBXResourcesBuildPhase;
			buildActionMask = 2147483647;
			files = (
			);
			runOnlyForDeploymentPostprocessing = 0;
		};
		A2DD8E602A58A90C00315995 /* Resources */ = {
			isa = PBXResourcesBuildPhase;
			buildActionMask = 2147483647;
			files = (
				A219899B2AE3E8AB0004A5D9 /* Montserrat-Italic-VariableFont_wght.ttf in Resources */,
				A219899E2AE47F050004A5D9 /* Montserrat.ttf in Resources */,
				A2DD8E6E2A58A90D00315995 /* Preview Assets.xcassets in Resources */,
				A2DD8E6A2A58A90D00315995 /* Assets.xcassets in Resources */,
			);
			runOnlyForDeploymentPostprocessing = 0;
		};
/* End PBXResourcesBuildPhase section */

/* Begin PBXSourcesBuildPhase section */
		A21086252A813A1A00EB7A89 /* Sources */ = {
			isa = PBXSourcesBuildPhase;
			buildActionMask = 2147483647;
			files = (
				A25272142A8E3E4100DD4B75 /* CharacteristicsTests.swift in Sources */,
				A210862C2A813A1A00EB7A89 /* QuestsTests.swift in Sources */,
				A200BD3B2AA0BC7400DCEBD9 /* HistoryTests.swift in Sources */,
			);
			runOnlyForDeploymentPostprocessing = 0;
		};
		A211B1612A7B6F0F004680E8 /* Sources */ = {
			isa = PBXSourcesBuildPhase;
			buildActionMask = 2147483647;
			files = (
				A211B1892A7D3597004680E8 /* ReLifeTests.swift in Sources */,
			);
			runOnlyForDeploymentPostprocessing = 0;
		};
		A211B16E2A7B6F7C004680E8 /* Sources */ = {
			isa = PBXSourcesBuildPhase;
			buildActionMask = 2147483647;
			files = (
				A211B1752A7B6F7C004680E8 /* ReLifeTests.swift in Sources */,
			);
			runOnlyForDeploymentPostprocessing = 0;
		};
		A2DD8E5E2A58A90C00315995 /* Sources */ = {
			isa = PBXSourcesBuildPhase;
			buildActionMask = 2147483647;
			files = (
				A272866E2AEFD44F005EE9B8 /* SettingsView.swift in Sources */,
				A27286762AF55D36005EE9B8 /* ConfigQuestView.swift in Sources */,
				A2C11F492B126AE40062AFDE /* SettingButton.swift in Sources */,
				A200BD3D2AA6064200DCEBD9 /* Json.swift in Sources */,
				A27286862B03B799005EE9B8 /* ItemEdit.swift in Sources */,
				A272867A2AFA9FFB005EE9B8 /* SheetWorkWithCharacteristic.swift in Sources */,
				A2CCA02F2AD497DB006A3A7F /* CharacteristicsView.swift in Sources */,
				A27286702AF537F3005EE9B8 /* SheetWorkWithQuest.swift in Sources */,
				A27286782AF55D48005EE9B8 /* ConfigCharacteristicsView.swift in Sources */,
				A2DD8E682A58A90C00315995 /* MainView.swift in Sources */,
				A2C11F4B2B12AC770062AFDE /* Text+.swift in Sources */,
				A27286742AF55D27005EE9B8 /* ConfigGeneralView.swift in Sources */,
				A2CCA0332AD5EA73006A3A7F /* QuestsView.swift in Sources */,
				A2AEDCCF2AAA4C5F00128B3C /* Collection+.swift in Sources */,
				A25272122A8E3C8400DD4B75 /* History.swift in Sources */,
				A2CCA0312AD5E8AA006A3A7F /* MainViewTabBar.swift in Sources */,
				A2DD8E662A58A90C00315995 /* ReLifeApp.swift in Sources */,
				A2C11F4D2B12AF120062AFDE /* Image+.swift in Sources */,
				A21989962AE319560004A5D9 /* SheetConfirmationView.swift in Sources */,
				A211B17C2A7B7397004680E8 /* Characteristic.swift in Sources */,
				A27286842AFBEEA4005EE9B8 /* AddButton.swift in Sources */,
				A252720D2A8D3B8A00DD4B75 /* RealmController.swift in Sources */,
				A252720C2A8D3AF800DD4B75 /* Quest.swift in Sources */,
				A272867E2AFBE251005EE9B8 /* GlobalDialog.swift in Sources */,
				A2AEDCCD2AAA273400128B3C /* Date+.swift in Sources */,
			);
			runOnlyForDeploymentPostprocessing = 0;
		};
/* End PBXSourcesBuildPhase section */

/* Begin PBXTargetDependency section */
		A210862E2A813A1A00EB7A89 /* PBXTargetDependency */ = {
			isa = PBXTargetDependency;
			target = A2DD8E612A58A90C00315995 /* ReLife */;
			targetProxy = A210862D2A813A1A00EB7A89 /* PBXContainerItemProxy */;
		};
		A211B16A2A7B6F10004680E8 /* PBXTargetDependency */ = {
			isa = PBXTargetDependency;
			target = A2DD8E612A58A90C00315995 /* ReLife */;
			targetProxy = A211B1692A7B6F10004680E8 /* PBXContainerItemProxy */;
		};
		A211B1772A7B6F7C004680E8 /* PBXTargetDependency */ = {
			isa = PBXTargetDependency;
			target = A2DD8E612A58A90C00315995 /* ReLife */;
			targetProxy = A211B1762A7B6F7C004680E8 /* PBXContainerItemProxy */;
		};
/* End PBXTargetDependency section */

/* Begin XCBuildConfiguration section */
		A21086302A813A1A00EB7A89 /* Debug */ = {
			isa = XCBuildConfiguration;
			buildSettings = {
				BUNDLE_LOADER = "$(TEST_HOST)";
				CODE_SIGN_STYLE = Automatic;
				CURRENT_PROJECT_VERSION = 1;
				DEVELOPMENT_TEAM = QZKQ74LNRY;
				GENERATE_INFOPLIST_FILE = YES;
				IPHONEOS_DEPLOYMENT_TARGET = 16.4;
				MACOSX_DEPLOYMENT_TARGET = 13.3;
				MARKETING_VERSION = 1.0;
				PRODUCT_BUNDLE_IDENTIFIER = com.rogaAndKopytaBugaiv.QuestsTests;
				PRODUCT_NAME = "$(TARGET_NAME)";
				SDKROOT = auto;
				SUPPORTED_PLATFORMS = "iphoneos iphonesimulator macosx";
				SWIFT_EMIT_LOC_STRINGS = NO;
				SWIFT_VERSION = 5.0;
				TARGETED_DEVICE_FAMILY = "1,2";
				TEST_HOST = "$(BUILT_PRODUCTS_DIR)/ReLife.app/$(BUNDLE_EXECUTABLE_FOLDER_PATH)/ReLife";
			};
			name = Debug;
		};
		A21086312A813A1A00EB7A89 /* Release */ = {
			isa = XCBuildConfiguration;
			buildSettings = {
				BUNDLE_LOADER = "$(TEST_HOST)";
				CODE_SIGN_STYLE = Automatic;
				CURRENT_PROJECT_VERSION = 1;
				DEVELOPMENT_TEAM = QZKQ74LNRY;
				GENERATE_INFOPLIST_FILE = YES;
				IPHONEOS_DEPLOYMENT_TARGET = 16.4;
				MACOSX_DEPLOYMENT_TARGET = 13.3;
				MARKETING_VERSION = 1.0;
				PRODUCT_BUNDLE_IDENTIFIER = com.rogaAndKopytaBugaiv.QuestsTests;
				PRODUCT_NAME = "$(TARGET_NAME)";
				SDKROOT = auto;
				SUPPORTED_PLATFORMS = "iphoneos iphonesimulator macosx";
				SWIFT_EMIT_LOC_STRINGS = NO;
				SWIFT_VERSION = 5.0;
				TARGETED_DEVICE_FAMILY = "1,2";
				TEST_HOST = "$(BUILT_PRODUCTS_DIR)/ReLife.app/$(BUNDLE_EXECUTABLE_FOLDER_PATH)/ReLife";
			};
			name = Release;
		};
		A211B16C2A7B6F10004680E8 /* Debug */ = {
			isa = XCBuildConfiguration;
			buildSettings = {
				BUNDLE_LOADER = "$(TEST_HOST)";
				CODE_SIGN_STYLE = Automatic;
				CURRENT_PROJECT_VERSION = 1;
				DEVELOPMENT_TEAM = QZKQ74LNRY;
				GENERATE_INFOPLIST_FILE = YES;
				IPHONEOS_DEPLOYMENT_TARGET = 16.4;
				MACOSX_DEPLOYMENT_TARGET = 13.3;
				MARKETING_VERSION = 1.0;
				PRODUCT_BUNDLE_IDENTIFIER = com.rogaAndKopytaBugaiv.ReLifeCharacteristics;
				PRODUCT_NAME = "$(TARGET_NAME)";
				SDKROOT = auto;
				SUPPORTED_PLATFORMS = "iphoneos iphonesimulator macosx";
				SWIFT_EMIT_LOC_STRINGS = NO;
				SWIFT_VERSION = 5.0;
				TARGETED_DEVICE_FAMILY = "1,2";
				TEST_HOST = "$(BUILT_PRODUCTS_DIR)/ReLife.app/$(BUNDLE_EXECUTABLE_FOLDER_PATH)/ReLife";
			};
			name = Debug;
		};
		A211B16D2A7B6F10004680E8 /* Release */ = {
			isa = XCBuildConfiguration;
			buildSettings = {
				BUNDLE_LOADER = "$(TEST_HOST)";
				CODE_SIGN_STYLE = Automatic;
				CURRENT_PROJECT_VERSION = 1;
				DEVELOPMENT_TEAM = QZKQ74LNRY;
				GENERATE_INFOPLIST_FILE = YES;
				IPHONEOS_DEPLOYMENT_TARGET = 16.4;
				MACOSX_DEPLOYMENT_TARGET = 13.3;
				MARKETING_VERSION = 1.0;
				PRODUCT_BUNDLE_IDENTIFIER = com.rogaAndKopytaBugaiv.ReLifeCharacteristics;
				PRODUCT_NAME = "$(TARGET_NAME)";
				SDKROOT = auto;
				SUPPORTED_PLATFORMS = "iphoneos iphonesimulator macosx";
				SWIFT_EMIT_LOC_STRINGS = NO;
				SWIFT_VERSION = 5.0;
				TARGETED_DEVICE_FAMILY = "1,2";
				TEST_HOST = "$(BUILT_PRODUCTS_DIR)/ReLife.app/$(BUNDLE_EXECUTABLE_FOLDER_PATH)/ReLife";
			};
			name = Release;
		};
		A211B1792A7B6F7C004680E8 /* Debug */ = {
			isa = XCBuildConfiguration;
			buildSettings = {
				BUNDLE_LOADER = "$(TEST_HOST)";
				CODE_SIGN_STYLE = Automatic;
				CURRENT_PROJECT_VERSION = 1;
				DEVELOPMENT_TEAM = QZKQ74LNRY;
				GENERATE_INFOPLIST_FILE = YES;
				IPHONEOS_DEPLOYMENT_TARGET = 16.4;
				MACOSX_DEPLOYMENT_TARGET = 13.3;
				MARKETING_VERSION = 1.0;
				PRODUCT_BUNDLE_IDENTIFIER = com.rogaAndKopytaBugaiv.ReLifeTests;
				PRODUCT_NAME = "$(TARGET_NAME)";
				SDKROOT = auto;
				SUPPORTED_PLATFORMS = "iphoneos iphonesimulator macosx";
				SWIFT_EMIT_LOC_STRINGS = NO;
				SWIFT_VERSION = 5.0;
				TARGETED_DEVICE_FAMILY = "1,2";
				TEST_HOST = "$(BUILT_PRODUCTS_DIR)/ReLife.app/$(BUNDLE_EXECUTABLE_FOLDER_PATH)/ReLife";
			};
			name = Debug;
		};
		A211B17A2A7B6F7C004680E8 /* Release */ = {
			isa = XCBuildConfiguration;
			buildSettings = {
				BUNDLE_LOADER = "$(TEST_HOST)";
				CODE_SIGN_STYLE = Automatic;
				CURRENT_PROJECT_VERSION = 1;
				DEVELOPMENT_TEAM = QZKQ74LNRY;
				GENERATE_INFOPLIST_FILE = YES;
				IPHONEOS_DEPLOYMENT_TARGET = 16.4;
				MACOSX_DEPLOYMENT_TARGET = 13.3;
				MARKETING_VERSION = 1.0;
				PRODUCT_BUNDLE_IDENTIFIER = com.rogaAndKopytaBugaiv.ReLifeTests;
				PRODUCT_NAME = "$(TARGET_NAME)";
				SDKROOT = auto;
				SUPPORTED_PLATFORMS = "iphoneos iphonesimulator macosx";
				SWIFT_EMIT_LOC_STRINGS = NO;
				SWIFT_VERSION = 5.0;
				TARGETED_DEVICE_FAMILY = "1,2";
				TEST_HOST = "$(BUILT_PRODUCTS_DIR)/ReLife.app/$(BUNDLE_EXECUTABLE_FOLDER_PATH)/ReLife";
			};
			name = Release;
		};
		A2DD8E6F2A58A90D00315995 /* Debug */ = {
			isa = XCBuildConfiguration;
			buildSettings = {
				ALWAYS_SEARCH_USER_PATHS = NO;
				CLANG_ANALYZER_NONNULL = YES;
				CLANG_ANALYZER_NUMBER_OBJECT_CONVERSION = YES_AGGRESSIVE;
				CLANG_CXX_LANGUAGE_STANDARD = "gnu++20";
				CLANG_ENABLE_MODULES = YES;
				CLANG_ENABLE_OBJC_ARC = YES;
				CLANG_ENABLE_OBJC_WEAK = YES;
				CLANG_WARN_BLOCK_CAPTURE_AUTORELEASING = YES;
				CLANG_WARN_BOOL_CONVERSION = YES;
				CLANG_WARN_COMMA = YES;
				CLANG_WARN_CONSTANT_CONVERSION = YES;
				CLANG_WARN_DEPRECATED_OBJC_IMPLEMENTATIONS = YES;
				CLANG_WARN_DIRECT_OBJC_ISA_USAGE = YES_ERROR;
				CLANG_WARN_DOCUMENTATION_COMMENTS = YES;
				CLANG_WARN_EMPTY_BODY = YES;
				CLANG_WARN_ENUM_CONVERSION = YES;
				CLANG_WARN_INFINITE_RECURSION = YES;
				CLANG_WARN_INT_CONVERSION = YES;
				CLANG_WARN_NON_LITERAL_NULL_CONVERSION = YES;
				CLANG_WARN_OBJC_IMPLICIT_RETAIN_SELF = YES;
				CLANG_WARN_OBJC_LITERAL_CONVERSION = YES;
				CLANG_WARN_OBJC_ROOT_CLASS = YES_ERROR;
				CLANG_WARN_QUOTED_INCLUDE_IN_FRAMEWORK_HEADER = YES;
				CLANG_WARN_RANGE_LOOP_ANALYSIS = YES;
				CLANG_WARN_STRICT_PROTOTYPES = YES;
				CLANG_WARN_SUSPICIOUS_MOVE = YES;
				CLANG_WARN_UNGUARDED_AVAILABILITY = YES_AGGRESSIVE;
				CLANG_WARN_UNREACHABLE_CODE = YES;
				CLANG_WARN__DUPLICATE_METHOD_MATCH = YES;
				COPY_PHASE_STRIP = NO;
				DEBUG_INFORMATION_FORMAT = dwarf;
				ENABLE_STRICT_OBJC_MSGSEND = YES;
				ENABLE_TESTABILITY = YES;
				GCC_C_LANGUAGE_STANDARD = gnu11;
				GCC_DYNAMIC_NO_PIC = NO;
				GCC_NO_COMMON_BLOCKS = YES;
				GCC_OPTIMIZATION_LEVEL = 0;
				GCC_PREPROCESSOR_DEFINITIONS = (
					"DEBUG=1",
					"$(inherited)",
				);
				GCC_WARN_64_TO_32_BIT_CONVERSION = YES;
				GCC_WARN_ABOUT_RETURN_TYPE = YES_ERROR;
				GCC_WARN_UNDECLARED_SELECTOR = YES;
				GCC_WARN_UNINITIALIZED_AUTOS = YES_AGGRESSIVE;
				GCC_WARN_UNUSED_FUNCTION = YES;
				GCC_WARN_UNUSED_VARIABLE = YES;
				MTL_ENABLE_DEBUG_INFO = INCLUDE_SOURCE;
				MTL_FAST_MATH = YES;
				ONLY_ACTIVE_ARCH = YES;
				SWIFT_ACTIVE_COMPILATION_CONDITIONS = DEBUG;
				SWIFT_OPTIMIZATION_LEVEL = "-Onone";
			};
			name = Debug;
		};
		A2DD8E702A58A90D00315995 /* Release */ = {
			isa = XCBuildConfiguration;
			buildSettings = {
				ALWAYS_SEARCH_USER_PATHS = NO;
				CLANG_ANALYZER_NONNULL = YES;
				CLANG_ANALYZER_NUMBER_OBJECT_CONVERSION = YES_AGGRESSIVE;
				CLANG_CXX_LANGUAGE_STANDARD = "gnu++20";
				CLANG_ENABLE_MODULES = YES;
				CLANG_ENABLE_OBJC_ARC = YES;
				CLANG_ENABLE_OBJC_WEAK = YES;
				CLANG_WARN_BLOCK_CAPTURE_AUTORELEASING = YES;
				CLANG_WARN_BOOL_CONVERSION = YES;
				CLANG_WARN_COMMA = YES;
				CLANG_WARN_CONSTANT_CONVERSION = YES;
				CLANG_WARN_DEPRECATED_OBJC_IMPLEMENTATIONS = YES;
				CLANG_WARN_DIRECT_OBJC_ISA_USAGE = YES_ERROR;
				CLANG_WARN_DOCUMENTATION_COMMENTS = YES;
				CLANG_WARN_EMPTY_BODY = YES;
				CLANG_WARN_ENUM_CONVERSION = YES;
				CLANG_WARN_INFINITE_RECURSION = YES;
				CLANG_WARN_INT_CONVERSION = YES;
				CLANG_WARN_NON_LITERAL_NULL_CONVERSION = YES;
				CLANG_WARN_OBJC_IMPLICIT_RETAIN_SELF = YES;
				CLANG_WARN_OBJC_LITERAL_CONVERSION = YES;
				CLANG_WARN_OBJC_ROOT_CLASS = YES_ERROR;
				CLANG_WARN_QUOTED_INCLUDE_IN_FRAMEWORK_HEADER = YES;
				CLANG_WARN_RANGE_LOOP_ANALYSIS = YES;
				CLANG_WARN_STRICT_PROTOTYPES = YES;
				CLANG_WARN_SUSPICIOUS_MOVE = YES;
				CLANG_WARN_UNGUARDED_AVAILABILITY = YES_AGGRESSIVE;
				CLANG_WARN_UNREACHABLE_CODE = YES;
				CLANG_WARN__DUPLICATE_METHOD_MATCH = YES;
				COPY_PHASE_STRIP = NO;
				DEBUG_INFORMATION_FORMAT = "dwarf-with-dsym";
				ENABLE_NS_ASSERTIONS = NO;
				ENABLE_STRICT_OBJC_MSGSEND = YES;
				GCC_C_LANGUAGE_STANDARD = gnu11;
				GCC_NO_COMMON_BLOCKS = YES;
				GCC_WARN_64_TO_32_BIT_CONVERSION = YES;
				GCC_WARN_ABOUT_RETURN_TYPE = YES_ERROR;
				GCC_WARN_UNDECLARED_SELECTOR = YES;
				GCC_WARN_UNINITIALIZED_AUTOS = YES_AGGRESSIVE;
				GCC_WARN_UNUSED_FUNCTION = YES;
				GCC_WARN_UNUSED_VARIABLE = YES;
				MTL_ENABLE_DEBUG_INFO = NO;
				MTL_FAST_MATH = YES;
				SWIFT_COMPILATION_MODE = wholemodule;
				SWIFT_OPTIMIZATION_LEVEL = "-O";
			};
			name = Release;
		};
		A2DD8E722A58A90D00315995 /* Debug */ = {
			isa = XCBuildConfiguration;
			buildSettings = {
				ASSETCATALOG_COMPILER_APPICON_NAME = AppIcon;
				ASSETCATALOG_COMPILER_GLOBAL_ACCENT_COLOR_NAME = AccentColor;
				CODE_SIGN_ENTITLEMENTS = ReLife/ReLife.entitlements;
				CODE_SIGN_STYLE = Automatic;
				CURRENT_PROJECT_VERSION = 1;
				DEVELOPMENT_ASSET_PATHS = "\"ReLife/Preview Content\"";
				DEVELOPMENT_TEAM = QZKQ74LNRY;
				ENABLE_HARDENED_RUNTIME = YES;
				ENABLE_PREVIEWS = YES;
				GENERATE_INFOPLIST_FILE = YES;
				INFOPLIST_FILE = ReLife/Info.plist;
				"INFOPLIST_KEY_UIApplicationSceneManifest_Generation[sdk=iphoneos*]" = YES;
				"INFOPLIST_KEY_UIApplicationSceneManifest_Generation[sdk=iphonesimulator*]" = YES;
				"INFOPLIST_KEY_UIApplicationSupportsIndirectInputEvents[sdk=iphoneos*]" = YES;
				"INFOPLIST_KEY_UIApplicationSupportsIndirectInputEvents[sdk=iphonesimulator*]" = YES;
				"INFOPLIST_KEY_UILaunchScreen_Generation[sdk=iphoneos*]" = YES;
				"INFOPLIST_KEY_UILaunchScreen_Generation[sdk=iphonesimulator*]" = YES;
				"INFOPLIST_KEY_UIStatusBarStyle[sdk=iphoneos*]" = UIStatusBarStyleDefault;
				"INFOPLIST_KEY_UIStatusBarStyle[sdk=iphonesimulator*]" = UIStatusBarStyleDefault;
				INFOPLIST_KEY_UISupportedInterfaceOrientations_iPad = "UIInterfaceOrientationPortrait UIInterfaceOrientationPortraitUpsideDown UIInterfaceOrientationLandscapeLeft UIInterfaceOrientationLandscapeRight";
				INFOPLIST_KEY_UISupportedInterfaceOrientations_iPhone = "UIInterfaceOrientationPortrait UIInterfaceOrientationLandscapeLeft UIInterfaceOrientationLandscapeRight";
				IPHONEOS_DEPLOYMENT_TARGET = 16.4;
				LD_RUNPATH_SEARCH_PATHS = "@executable_path/Frameworks";
				"LD_RUNPATH_SEARCH_PATHS[sdk=macosx*]" = "@executable_path/../Frameworks";
				MACOSX_DEPLOYMENT_TARGET = 13.3;
				MARKETING_VERSION = 1.0;
				PRODUCT_BUNDLE_IDENTIFIER = com.rogaAndKopytaBugaiv.ReLife;
				PRODUCT_NAME = "$(TARGET_NAME)";
				SDKROOT = auto;
				SUPPORTED_PLATFORMS = "iphoneos iphonesimulator macosx";
				SWIFT_EMIT_LOC_STRINGS = YES;
				SWIFT_VERSION = 5.0;
				TARGETED_DEVICE_FAMILY = "1,2";
			};
			name = Debug;
		};
		A2DD8E732A58A90D00315995 /* Release */ = {
			isa = XCBuildConfiguration;
			buildSettings = {
				ASSETCATALOG_COMPILER_APPICON_NAME = AppIcon;
				ASSETCATALOG_COMPILER_GLOBAL_ACCENT_COLOR_NAME = AccentColor;
				CODE_SIGN_ENTITLEMENTS = ReLife/ReLife.entitlements;
				CODE_SIGN_STYLE = Automatic;
				CURRENT_PROJECT_VERSION = 1;
				DEVELOPMENT_ASSET_PATHS = "\"ReLife/Preview Content\"";
				DEVELOPMENT_TEAM = QZKQ74LNRY;
				ENABLE_HARDENED_RUNTIME = YES;
				ENABLE_PREVIEWS = YES;
				GENERATE_INFOPLIST_FILE = YES;
				INFOPLIST_FILE = ReLife/Info.plist;
				"INFOPLIST_KEY_UIApplicationSceneManifest_Generation[sdk=iphoneos*]" = YES;
				"INFOPLIST_KEY_UIApplicationSceneManifest_Generation[sdk=iphonesimulator*]" = YES;
				"INFOPLIST_KEY_UIApplicationSupportsIndirectInputEvents[sdk=iphoneos*]" = YES;
				"INFOPLIST_KEY_UIApplicationSupportsIndirectInputEvents[sdk=iphonesimulator*]" = YES;
				"INFOPLIST_KEY_UILaunchScreen_Generation[sdk=iphoneos*]" = YES;
				"INFOPLIST_KEY_UILaunchScreen_Generation[sdk=iphonesimulator*]" = YES;
				"INFOPLIST_KEY_UIStatusBarStyle[sdk=iphoneos*]" = UIStatusBarStyleDefault;
				"INFOPLIST_KEY_UIStatusBarStyle[sdk=iphonesimulator*]" = UIStatusBarStyleDefault;
				INFOPLIST_KEY_UISupportedInterfaceOrientations_iPad = "UIInterfaceOrientationPortrait UIInterfaceOrientationPortraitUpsideDown UIInterfaceOrientationLandscapeLeft UIInterfaceOrientationLandscapeRight";
				INFOPLIST_KEY_UISupportedInterfaceOrientations_iPhone = "UIInterfaceOrientationPortrait UIInterfaceOrientationLandscapeLeft UIInterfaceOrientationLandscapeRight";
				IPHONEOS_DEPLOYMENT_TARGET = 16.4;
				LD_RUNPATH_SEARCH_PATHS = "@executable_path/Frameworks";
				"LD_RUNPATH_SEARCH_PATHS[sdk=macosx*]" = "@executable_path/../Frameworks";
				MACOSX_DEPLOYMENT_TARGET = 13.3;
				MARKETING_VERSION = 1.0;
				PRODUCT_BUNDLE_IDENTIFIER = com.rogaAndKopytaBugaiv.ReLife;
				PRODUCT_NAME = "$(TARGET_NAME)";
				SDKROOT = auto;
				SUPPORTED_PLATFORMS = "iphoneos iphonesimulator macosx";
				SWIFT_EMIT_LOC_STRINGS = YES;
				SWIFT_VERSION = 5.0;
				TARGETED_DEVICE_FAMILY = "1,2";
			};
			name = Release;
		};
/* End XCBuildConfiguration section */

/* Begin XCConfigurationList section */
		A210862F2A813A1A00EB7A89 /* Build configuration list for PBXNativeTarget "QuestsTests" */ = {
			isa = XCConfigurationList;
			buildConfigurations = (
				A21086302A813A1A00EB7A89 /* Debug */,
				A21086312A813A1A00EB7A89 /* Release */,
			);
			defaultConfigurationIsVisible = 0;
			defaultConfigurationName = Release;
		};
		A211B16B2A7B6F10004680E8 /* Build configuration list for PBXNativeTarget "ReLifeCharacteristics" */ = {
			isa = XCConfigurationList;
			buildConfigurations = (
				A211B16C2A7B6F10004680E8 /* Debug */,
				A211B16D2A7B6F10004680E8 /* Release */,
			);
			defaultConfigurationIsVisible = 0;
			defaultConfigurationName = Release;
		};
		A211B1782A7B6F7C004680E8 /* Build configuration list for PBXNativeTarget "ReLifeTests" */ = {
			isa = XCConfigurationList;
			buildConfigurations = (
				A211B1792A7B6F7C004680E8 /* Debug */,
				A211B17A2A7B6F7C004680E8 /* Release */,
			);
			defaultConfigurationIsVisible = 0;
			defaultConfigurationName = Release;
		};
		A2DD8E5D2A58A90C00315995 /* Build configuration list for PBXProject "ReLife" */ = {
			isa = XCConfigurationList;
			buildConfigurations = (
				A2DD8E6F2A58A90D00315995 /* Debug */,
				A2DD8E702A58A90D00315995 /* Release */,
			);
			defaultConfigurationIsVisible = 0;
			defaultConfigurationName = Release;
		};
		A2DD8E712A58A90D00315995 /* Build configuration list for PBXNativeTarget "ReLife" */ = {
			isa = XCConfigurationList;
			buildConfigurations = (
				A2DD8E722A58A90D00315995 /* Debug */,
				A2DD8E732A58A90D00315995 /* Release */,
			);
			defaultConfigurationIsVisible = 0;
			defaultConfigurationName = Release;
		};
/* End XCConfigurationList section */

/* Begin XCRemoteSwiftPackageReference section */
		A211B17E2A7D012D004680E8 /* XCRemoteSwiftPackageReference "realm-swift" */ = {
			isa = XCRemoteSwiftPackageReference;
			repositoryURL = "https://github.com/realm/realm-swift.git";
			requirement = {
				branch = master;
				kind = branch;
			};
		};
		A21989902AE138400004A5D9 /* XCRemoteSwiftPackageReference "ParallaxPackage" */ = {
			isa = XCRemoteSwiftPackageReference;
			repositoryURL = "https://github.com/Kyst2/ParallaxPackage.git";
			requirement = {
				branch = main;
				kind = branch;
			};
		};
		A2CCA0372ADACE3E006A3A7F /* XCRemoteSwiftPackageReference "moreswiftui" */ = {
			isa = XCRemoteSwiftPackageReference;
			repositoryURL = "https://gitlab.com/UKS/moreswiftui.git";
			requirement = {
				branch = main;
				kind = branch;
			};
		};
/* End XCRemoteSwiftPackageReference section */

/* Begin XCSwiftPackageProductDependency section */
		A211B17F2A7D012D004680E8 /* Realm */ = {
			isa = XCSwiftPackageProductDependency;
			package = A211B17E2A7D012D004680E8 /* XCRemoteSwiftPackageReference "realm-swift" */;
			productName = Realm;
		};
		A211B1812A7D012D004680E8 /* RealmSwift */ = {
			isa = XCSwiftPackageProductDependency;
			package = A211B17E2A7D012D004680E8 /* XCRemoteSwiftPackageReference "realm-swift" */;
			productName = RealmSwift;
		};
		A21989912AE138400004A5D9 /* KystParallax */ = {
			isa = XCSwiftPackageProductDependency;
			package = A21989902AE138400004A5D9 /* XCRemoteSwiftPackageReference "ParallaxPackage" */;
			productName = KystParallax;
		};
		A2CCA0292ACF0739006A3A7F /* KystEssentials */ = {
			isa = XCSwiftPackageProductDependency;
			productName = KystEssentials;
		};
		A2CCA0382ADACE3E006A3A7F /* MoreSwiftUI */ = {
			isa = XCSwiftPackageProductDependency;
			package = A2CCA0372ADACE3E006A3A7F /* XCRemoteSwiftPackageReference "moreswiftui" */;
			productName = MoreSwiftUI;
		};
/* End XCSwiftPackageProductDependency section */
	};
	rootObject = A2DD8E5A2A58A90C00315995 /* Project object */;
}
