{
  "object": {
    "pins": [
      {
        "package": "Essentials",
        "repositoryURL": "https://gitlab.com/sergiy.vynnychenko/essentials.git",
        "state": {
          "branch": "master",
          "revision": "1f9347d3c256df82f14380b3e64e2a2cdcd5a36f",
          "version": null
        }
      },
      {
        "package": "MoreSwiftUI",
        "repositoryURL": "https://gitlab.com/UKS/moreswiftui.git",
        "state": {
          "branch": "main",
          "revision": "5f5c0eec144b06144606dd2dd324af10a906f92d",
          "version": null
        }
      },
      {
        "package": "KystParallax",
        "repositoryURL": "https://github.com/Kyst2/ParallaxPackage.git",
        "state": {
          "branch": "main",
          "revision": "d9cf91a0cf69a72aa8a44d3ead0662fb03c6548a",
          "version": null
        }
      },
      {
        "package": "RealmDatabase",
        "repositoryURL": "https://github.com/realm/realm-core.git",
        "state": {
          "branch": null,
          "revision": "7227d6a447821c28895daa099b6c7cd4c99d461b",
          "version": "13.25.1"
        }
      },
      {
        "package": "Realm",
        "repositoryURL": "https://github.com/realm/realm-swift.git",
        "state": {
          "branch": "master",
          "revision": "569c656a8494ad03d790fd1075338c1da92d495a",
          "version": null
        }
      }
    ]
  },
  "version": 1
}
